
Microsoft Visual Studio Solution File, Format Version 12.00
# Visual Studio Version 16
VisualStudioVersion = 16.0.30804.86
MinimumVisualStudioVersion = 10.0.40219.1
Project("{FAE04EC0-301F-11D3-BF4B-00C04F79EFBC}") = "GuessNumber-DesktopApp", "GuessNumber-DesktopApp\GuessNumber-DesktopApp.csproj", "{B597CF06-0C0C-40F6-A444-F81887C586AA}"
EndProject
Global
	GlobalSection(SolutionConfigurationPlatforms) = preSolution
		Debug|Any CPU = Debug|Any CPU
		Release|Any CPU = Release|Any CPU
	EndGlobalSection
	GlobalSection(ProjectConfigurationPlatforms) = postSolution
		{B597CF06-0C0C-40F6-A444-F81887C586AA}.Debug|Any CPU.ActiveCfg = Debug|Any CPU
		{B597CF06-0C0C-40F6-A444-F81887C586AA}.Debug|Any CPU.Build.0 = Debug|Any CPU
		{B597CF06-0C0C-40F6-A444-F81887C586AA}.Release|Any CPU.ActiveCfg = Release|Any CPU
		{B597CF06-0C0C-40F6-A444-F81887C586AA}.Release|Any CPU.Build.0 = Release|Any CPU
	EndGlobalSection
	GlobalSection(SolutionProperties) = preSolution
		HideSolutionNode = FALSE
	EndGlobalSection
	GlobalSection(ExtensibilityGlobals) = postSolution
		SolutionGuid = {44B29E54-87F9-4503-816E-CD758442B662}
	EndGlobalSection
EndGlobal
